{
  "version": "v1",
  "packages": {
    "@hippodamia/bot": {
      "signature": "fb6d2e42c859d7bbd97655fed19bb0b8",
      "file": true,
      "replaced": "file:.yalc\\@hippodamia\\bot"
    },
    "@hippodamia/adapter-sandbox": {
      "signature": "48164786ea38ee5d4b7e8f5c1f0329f3",
      "file": true,
      "replaced": "file:..\\adapters\\adapter-sandbox"
    }
  }
}